
Microsoft Visual Studio Solution File, Format Version 12.00
Project("{FAE04EC0-301F-11D3-BF4B-00C04F79EFBC}") = "AutoFisher", "AutoFisher\AutoFisher.csproj", "{EB6A8A64-C31D-4818-8322-BF1E811FC399}"
EndProject
Global
	GlobalSection(SolutionConfigurationPlatforms) = preSolution
		Debug|Any CPU = Debug|Any CPU
		Release|Any CPU = Release|Any CPU
	EndGlobalSection
	GlobalSection(ProjectConfigurationPlatforms) = postSolution
		{EB6A8A64-C31D-4818-8322-BF1E811FC399}.Debug|Any CPU.ActiveCfg = Debug|Any CPU
		{EB6A8A64-C31D-4818-8322-BF1E811FC399}.Debug|Any CPU.Build.0 = Debug|Any CPU
		{EB6A8A64-C31D-4818-8322-BF1E811FC399}.Release|Any CPU.ActiveCfg = Release|Any CPU
		{EB6A8A64-C31D-4818-8322-BF1E811FC399}.Release|Any CPU.Build.0 = Release|Any CPU
	EndGlobalSection
EndGlobal
